
Microsoft Visual Studio Solution File, Format Version 12.00
# Visual Studio Version 17
VisualStudioVersion = 17.7.34009.444
MinimumVisualStudioVersion = 10.0.40219.1
Project("{FAE04EC0-301F-11D3-BF4B-00C04F79EFBC}") = "APICatalogo", "APICatalogo\APICatalogo.csproj", "{E53E556C-D4E2-4051-902F-300A12EA9887}"
EndProject
Global
	GlobalSection(SolutionConfigurationPlatforms) = preSolution
		Debug|Any CPU = Debug|Any CPU
		Release|Any CPU = Release|Any CPU
	EndGlobalSection
	GlobalSection(ProjectConfigurationPlatforms) = postSolution
		{E53E556C-D4E2-4051-902F-300A12EA9887}.Debug|Any CPU.ActiveCfg = Debug|Any CPU
		{E53E556C-D4E2-4051-902F-300A12EA9887}.Debug|Any CPU.Build.0 = Debug|Any CPU
		{E53E556C-D4E2-4051-902F-300A12EA9887}.Release|Any CPU.ActiveCfg = Release|Any CPU
		{E53E556C-D4E2-4051-902F-300A12EA9887}.Release|Any CPU.Build.0 = Release|Any CPU
	EndGlobalSection
	GlobalSection(SolutionProperties) = preSolution
		HideSolutionNode = FALSE
	EndGlobalSection
	GlobalSection(ExtensibilityGlobals) = postSolution
		SolutionGuid = {83A89103-9A40-4533-A006-884B7D1BB6CC}
	EndGlobalSection
EndGlobal
